
Microsoft Visual Studio Solution File, Format Version 12.00
# Visual Studio Version 17
VisualStudioVersion = 17.6.33829.357
MinimumVisualStudioVersion = 10.0.40219.1
Project("{FAE04EC0-301F-11D3-BF4B-00C04F79EFBC}") = "ExtractAudioTracksFromVideo", "ExtractAudioTracksFromVideo.csproj", "{5BDC5BA7-E435-4D01-9993-6C70B021E912}"
EndProject
Global
	GlobalSection(SolutionConfigurationPlatforms) = preSolution
		Debug|Any CPU = Debug|Any CPU
		Release|Any CPU = Release|Any CPU
	EndGlobalSection
	GlobalSection(ProjectConfigurationPlatforms) = postSolution
		{5BDC5BA7-E435-4D01-9993-6C70B021E912}.Debug|Any CPU.ActiveCfg = Debug|Any CPU
		{5BDC5BA7-E435-4D01-9993-6C70B021E912}.Debug|Any CPU.Build.0 = Debug|Any CPU
		{5BDC5BA7-E435-4D01-9993-6C70B021E912}.Release|Any CPU.ActiveCfg = Release|Any CPU
		{5BDC5BA7-E435-4D01-9993-6C70B021E912}.Release|Any CPU.Build.0 = Release|Any CPU
	EndGlobalSection
	GlobalSection(SolutionProperties) = preSolution
		HideSolutionNode = FALSE
	EndGlobalSection
	GlobalSection(ExtensibilityGlobals) = postSolution
		SolutionGuid = {26BBE80A-A64E-475D-92CA-34BCB84B5EB3}
	EndGlobalSection
EndGlobal
